
Microsoft Visual Studio Solution File, Format Version 12.00
# Visual Studio Version 17
VisualStudioVersion = 17.4.33205.214
MinimumVisualStudioVersion = 10.0.40219.1
Project("{FAE04EC0-301F-11D3-BF4B-00C04F79EFBC}") = "Lecture_11.WPF", "Lecture_11.WPF\Lecture_11.WPF.csproj", "{4F9F0F1A-4FF6-42D8-A4BE-FC7B08CD2ECA}"
EndProject
Global
	GlobalSection(SolutionConfigurationPlatforms) = preSolution
		Debug|Any CPU = Debug|Any CPU
		Release|Any CPU = Release|Any CPU
	EndGlobalSection
	GlobalSection(ProjectConfigurationPlatforms) = postSolution
		{4F9F0F1A-4FF6-42D8-A4BE-FC7B08CD2ECA}.Debug|Any CPU.ActiveCfg = Debug|Any CPU
		{4F9F0F1A-4FF6-42D8-A4BE-FC7B08CD2ECA}.Debug|Any CPU.Build.0 = Debug|Any CPU
		{4F9F0F1A-4FF6-42D8-A4BE-FC7B08CD2ECA}.Release|Any CPU.ActiveCfg = Release|Any CPU
		{4F9F0F1A-4FF6-42D8-A4BE-FC7B08CD2ECA}.Release|Any CPU.Build.0 = Release|Any CPU
	EndGlobalSection
	GlobalSection(SolutionProperties) = preSolution
		HideSolutionNode = FALSE
	EndGlobalSection
	GlobalSection(ExtensibilityGlobals) = postSolution
		SolutionGuid = {1F821E69-24B4-4793-BCDE-AF1599BA1516}
	EndGlobalSection
EndGlobal
